
Microsoft Visual Studio Solution File, Format Version 12.00
# Visual Studio Version 17
VisualStudioVersion = 17.1.32319.34
MinimumVisualStudioVersion = 10.0.40219.1
Project("{FAE04EC0-301F-11D3-BF4B-00C04F79EFBC}") = "SanMarcosCleaningServices", "SanMarcosCleaningServices\SanMarcosCleaningServices.csproj", "{B8AB36E3-89EC-4F95-8D34-C2767CE104C2}"
EndProject
Global
	GlobalSection(SolutionConfigurationPlatforms) = preSolution
		Debug|Any CPU = Debug|Any CPU
		Release|Any CPU = Release|Any CPU
	EndGlobalSection
	GlobalSection(ProjectConfigurationPlatforms) = postSolution
		{B8AB36E3-89EC-4F95-8D34-C2767CE104C2}.Debug|Any CPU.ActiveCfg = Debug|Any CPU
		{B8AB36E3-89EC-4F95-8D34-C2767CE104C2}.Debug|Any CPU.Build.0 = Debug|Any CPU
		{B8AB36E3-89EC-4F95-8D34-C2767CE104C2}.Release|Any CPU.ActiveCfg = Release|Any CPU
		{B8AB36E3-89EC-4F95-8D34-C2767CE104C2}.Release|Any CPU.Build.0 = Release|Any CPU
	EndGlobalSection
	GlobalSection(SolutionProperties) = preSolution
		HideSolutionNode = FALSE
	EndGlobalSection
	GlobalSection(ExtensibilityGlobals) = postSolution
		SolutionGuid = {6CFE0280-CB0F-4638-9AA9-57902F3C266A}
	EndGlobalSection
EndGlobal
